
Microsoft Visual Studio Solution File, Format Version 12.00
# Visual Studio 2012
Project("{F184B08F-C81C-45F6-A57F-5ABD9991F28F}") = "GUI_MODERNISTA_VB", "GUI_MODERNISTA_VB\GUI_MODERNISTA_VB.vbproj", "{AF6AA296-134D-4275-92AA-EF195895CB65}"
EndProject
Global
	GlobalSection(SolutionConfigurationPlatforms) = preSolution
		Debug|Any CPU = Debug|Any CPU
		Release|Any CPU = Release|Any CPU
	EndGlobalSection
	GlobalSection(ProjectConfigurationPlatforms) = postSolution
		{AF6AA296-134D-4275-92AA-EF195895CB65}.Debug|Any CPU.ActiveCfg = Debug|Any CPU
		{AF6AA296-134D-4275-92AA-EF195895CB65}.Debug|Any CPU.Build.0 = Debug|Any CPU
		{AF6AA296-134D-4275-92AA-EF195895CB65}.Release|Any CPU.ActiveCfg = Release|Any CPU
		{AF6AA296-134D-4275-92AA-EF195895CB65}.Release|Any CPU.Build.0 = Release|Any CPU
	EndGlobalSection
	GlobalSection(SolutionProperties) = preSolution
		HideSolutionNode = FALSE
	EndGlobalSection
EndGlobal
